
Microsoft Visual Studio Solution File, Format Version 12.00
# Visual Studio Version 17
VisualStudioVersion = 17.13.36105.23 d17.13
MinimumVisualStudioVersion = 10.0.40219.1
Project("{2150E333-8FDC-42A3-9474-1A3956D46DE8}") = "src", "src", "{02EA681E-C7D8-13C7-8484-4AC65E1B71E8}"
EndProject
Project("{2150E333-8FDC-42A3-9474-1A3956D46DE8}") = "Api", "Api", "{D0547025-CDD9-4E32-A9DB-4902F3552EF0}"
EndProject
Project("{2150E333-8FDC-42A3-9474-1A3956D46DE8}") = "Clients", "Clients", "{68883FF5-DB24-4CD2-A688-02FCEF07B37A}"
EndProject
Project("{2150E333-8FDC-42A3-9474-1A3956D46DE8}") = "Common", "Common", "{D03D8701-5BBD-4E92-AF38-DD20969B22A6}"
EndProject
Project("{2150E333-8FDC-42A3-9474-1A3956D46DE8}") = "Projections", "Projections", "{22E1A105-168C-4065-9022-B04CA824BB05}"
EndProject
Project("{2150E333-8FDC-42A3-9474-1A3956D46DE8}") = "Core", "Core", "{87F8365D-9B4D-486B-80D1-E6A0D32EBB06}"
EndProject
Project("{2150E333-8FDC-42A3-9474-1A3956D46DE8}") = "Infrastructure", "Infrastructure", "{F4AB339C-2E23-4E9F-BC6C-2283794C64C6}"
EndProject
Project("{2150E333-8FDC-42A3-9474-1A3956D46DE8}") = "Presentation", "Presentation", "{6E44A1D3-9D1A-43C0-99F1-83BA47A6CECD}"
EndProject
Project("{2150E333-8FDC-42A3-9474-1A3956D46DE8}") = "MvcWeb", "MvcWeb", "{AE2CB53F-A0AA-420F-A3BF-EEB6EBF6C32B}"
EndProject
Project("{FAE04EC0-301F-11D3-BF4B-00C04F79EFBC}") = "FlixTv.Api.Domain", "src\Api\Core\FlixTv.Api.Domain\FlixTv.Api.Domain.csproj", "{CD73A33C-E0F5-4082-ADA6-A58050E2C141}"
EndProject
Project("{FAE04EC0-301F-11D3-BF4B-00C04F79EFBC}") = "FlixTv.Api.Application", "src\Api\Core\FlixTv.Api.Application\FlixTv.Api.Application.csproj", "{49C89596-2CD7-43F1-AE47-AE0652E0E98A}"
EndProject
Project("{FAE04EC0-301F-11D3-BF4B-00C04F79EFBC}") = "FlixTv.Api.Infrastructure", "src\Api\Infrastructure\FlixTv.Api.Infrastructure\FlixTv.Api.Infrastructure.csproj", "{F15CE857-3DBF-4B09-8D70-E3316C279C2B}"
EndProject
Project("{FAE04EC0-301F-11D3-BF4B-00C04F79EFBC}") = "FlixTv.Api.Presentation", "src\Api\Infrastructure\FlixTv.Api.Presentation\FlixTv.Api.Presentation.csproj", "{91ECCE56-710D-43DF-ACCF-B554297EF36A}"
EndProject
Project("{FAE04EC0-301F-11D3-BF4B-00C04F79EFBC}") = "FlixTv.Api.WebApi", "src\Api\Presentation\FlixTv.Api.WebApi\FlixTv.Api.WebApi.csproj", "{BD5ABF7D-071D-4EE2-BF85-A18A4BE21984}"
EndProject
Project("{FAE04EC0-301F-11D3-BF4B-00C04F79EFBC}") = "FlixTv.Common", "src\Common\FlixTv.Common\FlixTv.Common.csproj", "{BA06F779-AE91-42CF-9405-A4D969C9C438}"
EndProject
Project("{FAE04EC0-301F-11D3-BF4B-00C04F79EFBC}") = "FlixTv.Clients.WebApp", "src\Clients\MvcWeb\FlixTv.Clients.WebApp\FlixTv.Clients.WebApp.csproj", "{6AC23980-C1C5-41CD-A8D7-2AC1E0FE79F9}"
EndProject
Global
	GlobalSection(SolutionConfigurationPlatforms) = preSolution
		Debug|Any CPU = Debug|Any CPU
		Release|Any CPU = Release|Any CPU
	EndGlobalSection
	GlobalSection(ProjectConfigurationPlatforms) = postSolution
		{CD73A33C-E0F5-4082-ADA6-A58050E2C141}.Debug|Any CPU.ActiveCfg = Debug|Any CPU
		{CD73A33C-E0F5-4082-ADA6-A58050E2C141}.Debug|Any CPU.Build.0 = Debug|Any CPU
		{CD73A33C-E0F5-4082-ADA6-A58050E2C141}.Release|Any CPU.ActiveCfg = Release|Any CPU
		{CD73A33C-E0F5-4082-ADA6-A58050E2C141}.Release|Any CPU.Build.0 = Release|Any CPU
		{49C89596-2CD7-43F1-AE47-AE0652E0E98A}.Debug|Any CPU.ActiveCfg = Debug|Any CPU
		{49C89596-2CD7-43F1-AE47-AE0652E0E98A}.Debug|Any CPU.Build.0 = Debug|Any CPU
		{49C89596-2CD7-43F1-AE47-AE0652E0E98A}.Release|Any CPU.ActiveCfg = Release|Any CPU
		{49C89596-2CD7-43F1-AE47-AE0652E0E98A}.Release|Any CPU.Build.0 = Release|Any CPU
		{F15CE857-3DBF-4B09-8D70-E3316C279C2B}.Debug|Any CPU.ActiveCfg = Debug|Any CPU
		{F15CE857-3DBF-4B09-8D70-E3316C279C2B}.Debug|Any CPU.Build.0 = Debug|Any CPU
		{F15CE857-3DBF-4B09-8D70-E3316C279C2B}.Release|Any CPU.ActiveCfg = Release|Any CPU
		{F15CE857-3DBF-4B09-8D70-E3316C279C2B}.Release|Any CPU.Build.0 = Release|Any CPU
		{91ECCE56-710D-43DF-ACCF-B554297EF36A}.Debug|Any CPU.ActiveCfg = Debug|Any CPU
		{91ECCE56-710D-43DF-ACCF-B554297EF36A}.Debug|Any CPU.Build.0 = Debug|Any CPU
		{91ECCE56-710D-43DF-ACCF-B554297EF36A}.Release|Any CPU.ActiveCfg = Release|Any CPU
		{91ECCE56-710D-43DF-ACCF-B554297EF36A}.Release|Any CPU.Build.0 = Release|Any CPU
		{BD5ABF7D-071D-4EE2-BF85-A18A4BE21984}.Debug|Any CPU.ActiveCfg = Debug|Any CPU
		{BD5ABF7D-071D-4EE2-BF85-A18A4BE21984}.Debug|Any CPU.Build.0 = Debug|Any CPU
		{BD5ABF7D-071D-4EE2-BF85-A18A4BE21984}.Release|Any CPU.ActiveCfg = Release|Any CPU
		{BD5ABF7D-071D-4EE2-BF85-A18A4BE21984}.Release|Any CPU.Build.0 = Release|Any CPU
		{BA06F779-AE91-42CF-9405-A4D969C9C438}.Debug|Any CPU.ActiveCfg = Debug|Any CPU
		{BA06F779-AE91-42CF-9405-A4D969C9C438}.Debug|Any CPU.Build.0 = Debug|Any CPU
		{BA06F779-AE91-42CF-9405-A4D969C9C438}.Release|Any CPU.ActiveCfg = Release|Any CPU
		{BA06F779-AE91-42CF-9405-A4D969C9C438}.Release|Any CPU.Build.0 = Release|Any CPU
		{6AC23980-C1C5-41CD-A8D7-2AC1E0FE79F9}.Debug|Any CPU.ActiveCfg = Debug|Any CPU
		{6AC23980-C1C5-41CD-A8D7-2AC1E0FE79F9}.Debug|Any CPU.Build.0 = Debug|Any CPU
		{6AC23980-C1C5-41CD-A8D7-2AC1E0FE79F9}.Release|Any CPU.ActiveCfg = Release|Any CPU
		{6AC23980-C1C5-41CD-A8D7-2AC1E0FE79F9}.Release|Any CPU.Build.0 = Release|Any CPU
	EndGlobalSection
	GlobalSection(SolutionProperties) = preSolution
		HideSolutionNode = FALSE
	EndGlobalSection
	GlobalSection(NestedProjects) = preSolution
		{D0547025-CDD9-4E32-A9DB-4902F3552EF0} = {02EA681E-C7D8-13C7-8484-4AC65E1B71E8}
		{68883FF5-DB24-4CD2-A688-02FCEF07B37A} = {02EA681E-C7D8-13C7-8484-4AC65E1B71E8}
		{D03D8701-5BBD-4E92-AF38-DD20969B22A6} = {02EA681E-C7D8-13C7-8484-4AC65E1B71E8}
		{22E1A105-168C-4065-9022-B04CA824BB05} = {02EA681E-C7D8-13C7-8484-4AC65E1B71E8}
		{87F8365D-9B4D-486B-80D1-E6A0D32EBB06} = {D0547025-CDD9-4E32-A9DB-4902F3552EF0}
		{F4AB339C-2E23-4E9F-BC6C-2283794C64C6} = {D0547025-CDD9-4E32-A9DB-4902F3552EF0}
		{6E44A1D3-9D1A-43C0-99F1-83BA47A6CECD} = {D0547025-CDD9-4E32-A9DB-4902F3552EF0}
		{AE2CB53F-A0AA-420F-A3BF-EEB6EBF6C32B} = {68883FF5-DB24-4CD2-A688-02FCEF07B37A}
		{CD73A33C-E0F5-4082-ADA6-A58050E2C141} = {87F8365D-9B4D-486B-80D1-E6A0D32EBB06}
		{49C89596-2CD7-43F1-AE47-AE0652E0E98A} = {87F8365D-9B4D-486B-80D1-E6A0D32EBB06}
		{F15CE857-3DBF-4B09-8D70-E3316C279C2B} = {F4AB339C-2E23-4E9F-BC6C-2283794C64C6}
		{91ECCE56-710D-43DF-ACCF-B554297EF36A} = {F4AB339C-2E23-4E9F-BC6C-2283794C64C6}
		{BD5ABF7D-071D-4EE2-BF85-A18A4BE21984} = {6E44A1D3-9D1A-43C0-99F1-83BA47A6CECD}
		{BA06F779-AE91-42CF-9405-A4D969C9C438} = {D03D8701-5BBD-4E92-AF38-DD20969B22A6}
		{6AC23980-C1C5-41CD-A8D7-2AC1E0FE79F9} = {AE2CB53F-A0AA-420F-A3BF-EEB6EBF6C32B}
	EndGlobalSection
	GlobalSection(ExtensibilityGlobals) = postSolution
		SolutionGuid = {BF92D6FA-8F55-48A6-97A0-E16FC53DAE6F}
	EndGlobalSection
EndGlobal
